{
  "version": 4,
  "terraform_version": "0.12.24",
  "serial": 22,
  "lineage": "fa298889-5f8a-eae1-01bc-6099f15911b5",
  "outputs": {
    "domain_arn": {
      "value": "arn:aws:es:us-east-2:639694136535:domain/weldsaws",
      "type": "string"
    },
    "domain_endpoint": {
      "value": "search-weldsaws-fpkawfizx42gpzbml56ymo7cqy.us-east-2.es.amazonaws.com",
      "type": "string"
    },
    "domain_id": {
      "value": "639694136535/weldsaws",
      "type": "string"
    },
    "elasticsearch_user_iam_role_arn": {
      "value": "arn:aws:iam::639694136535:role/module.user_label.id",
      "type": "string"
    },
    "elasticsearch_user_iam_role_name": {
      "value": "module.user_label.id",
      "type": "string"
    }
  },
  "resources": [
    {
      "mode": "data",
      "type": "aws_iam_policy_document",
      "name": "assume_role",
      "provider": "provider.aws",
      "instances": [
        {
          "schema_version": 0,
          "attributes": {
            "id": "4020463049",
            "json": "{\n  \"Version\": \"2012-10-17\",\n  \"Statement\": [\n    {\n      \"Sid\": \"\",\n      \"Effect\": \"Allow\",\n      \"Action\": \"sts:AssumeRole\",\n      \"Principal\": {\n        \"AWS\": \"*\",\n        \"Service\": \"ec2.amazonaws.com\"\n      }\n    }\n  ]\n}",
            "override_json": null,
            "policy_id": null,
            "source_json": null,
            "statement": [
              {
                "actions": [
                  "sts:AssumeRole"
                ],
                "condition": [],
                "effect": "Allow",
                "not_actions": [],
                "not_principals": [],
                "not_resources": [],
                "principals": [
                  {
                    "identifiers": [
                      "*"
                    ],
                    "type": "AWS"
                  },
                  {
                    "identifiers": [
                      "ec2.amazonaws.com"
                    ],
                    "type": "Service"
                  }
                ],
                "resources": [],
                "sid": ""
              }
            ],
            "version": "2012-10-17"
          }
        }
      ]
    },
    {
      "mode": "data",
      "type": "aws_iam_policy_document",
      "name": "default",
      "provider": "provider.aws",
      "instances": [
        {
          "schema_version": 0,
          "attributes": {
            "id": "1105594667",
            "json": "{\n  \"Version\": \"2012-10-17\",\n  \"Statement\": [\n    {\n      \"Sid\": \"\",\n      \"Effect\": \"Allow\",\n      \"Action\": \"es:*\",\n      \"Resource\": [\n        \"arn:aws:es:us-east-2:639694136535:domain/weldsaws/*\",\n        \"arn:aws:es:us-east-2:639694136535:domain/weldsaws\"\n      ],\n      \"Principal\": {\n        \"AWS\": \"*\"\n      }\n    }\n  ]\n}",
            "override_json": null,
            "policy_id": null,
            "source_json": null,
            "statement": [
              {
                "actions": [
                  "es:*"
                ],
                "condition": [],
                "effect": "Allow",
                "not_actions": [],
                "not_principals": [],
                "not_resources": [],
                "principals": [
                  {
                    "identifiers": [
                      "*"
                    ],
                    "type": "AWS"
                  }
                ],
                "resources": [
                  "arn:aws:es:us-east-2:639694136535:domain/weldsaws",
                  "arn:aws:es:us-east-2:639694136535:domain/weldsaws/*"
                ],
                "sid": ""
              }
            ],
            "version": "2012-10-17"
          }
        }
      ]
    },
    {
      "mode": "managed",
      "type": "aws_elasticsearch_domain",
      "name": "default",
      "provider": "provider.aws",
      "instances": [
        {
          "schema_version": 0,
          "attributes": {
            "access_policies": null,
            "advanced_options": {
              "rest.action.multi.allow_explicit_index": "true"
            },
            "arn": "arn:aws:es:us-east-2:639694136535:domain/weldsaws",
            "cluster_config": [
              {
                "dedicated_master_count": 0,
                "dedicated_master_enabled": false,
                "dedicated_master_type": "",
                "instance_count": 2,
                "instance_type": "t2.small.elasticsearch",
                "zone_awareness_config": [
                  {
                    "availability_zone_count": 2
                  }
                ],
                "zone_awareness_enabled": true
              }
            ],
            "cognito_options": [
              {
                "enabled": false,
                "identity_pool_id": "",
                "role_arn": "",
                "user_pool_id": ""
              }
            ],
            "domain_endpoint_options": [
              {
                "enforce_https": false,
                "tls_security_policy": "Policy-Min-TLS-1-0-2019-07"
              }
            ],
            "domain_id": "639694136535/weldsaws",
            "domain_name": "weldsaws",
            "ebs_options": [
              {
                "ebs_enabled": true,
                "iops": 0,
                "volume_size": 20,
                "volume_type": "gp2"
              }
            ],
            "elasticsearch_version": "6.5",
            "encrypt_at_rest": [
              {
                "enabled": false,
                "kms_key_id": ""
              }
            ],
            "endpoint": "search-weldsaws-fpkawfizx42gpzbml56ymo7cqy.us-east-2.es.amazonaws.com",
            "id": "arn:aws:es:us-east-2:639694136535:domain/weldsaws",
            "kibana_endpoint": "search-weldsaws-fpkawfizx42gpzbml56ymo7cqy.us-east-2.es.amazonaws.com/_plugin/kibana/",
            "log_publishing_options": [
              {
                "cloudwatch_log_group_arn": "",
                "enabled": false,
                "log_type": "ES_APPLICATION_LOGS"
              },
              {
                "cloudwatch_log_group_arn": "",
                "enabled": false,
                "log_type": "INDEX_SLOW_LOGS"
              },
              {
                "cloudwatch_log_group_arn": "",
                "enabled": false,
                "log_type": "SEARCH_SLOW_LOGS"
              }
            ],
            "node_to_node_encryption": [
              {
                "enabled": false
              }
            ],
            "snapshot_options": [
              {
                "automated_snapshot_start_hour": 0
              }
            ],
            "tags": {
              "Domain": "TestDomain"
            },
            "timeouts": null,
            "vpc_options": []
          },
          "private": "eyJlMmJmYjczMC1lY2FhLTExZTYtOGY4OC0zNDM2M2JjN2M0YzAiOnsidXBkYXRlIjozNjAwMDAwMDAwMDAwfX0="
        }
      ]
    },
    {
      "mode": "managed",
      "type": "aws_elasticsearch_domain_policy",
      "name": "default",
      "provider": "provider.aws",
      "instances": [
        {
          "schema_version": 0,
          "attributes": {
            "access_policies": "{\"Version\":\"2012-10-17\",\"Statement\":[{\"Sid\":\"\",\"Effect\":\"Allow\",\"Principal\":{\"AWS\":\"*\"},\"Action\":\"es:*\",\"Resource\":[\"arn:aws:es:us-east-2:639694136535:domain/weldsaws/*\",\"arn:aws:es:us-east-2:639694136535:domain/weldsaws\"]}]}",
            "domain_name": "weldsaws",
            "id": "esd-policy-weldsaws"
          },
          "private": "bnVsbA==",
          "dependencies": [
            "aws_elasticsearch_domain.default"
          ]
        }
      ]
    },
    {
      "mode": "managed",
      "type": "aws_iam_role",
      "name": "elasticsearch_user",
      "provider": "provider.aws",
      "instances": [
        {
          "schema_version": 0,
          "attributes": {
            "arn": "arn:aws:iam::639694136535:role/module.user_label.id",
            "assume_role_policy": "{\"Version\":\"2012-10-17\",\"Statement\":[{\"Sid\":\"\",\"Effect\":\"Allow\",\"Principal\":{\"AWS\":\"*\",\"Service\":\"ec2.amazonaws.com\"},\"Action\":\"sts:AssumeRole\"}]}",
            "create_date": "2020-05-13T05:33:33Z",
            "description": "IAM Role to assume to access the Elasticsearch module.label.id cluster",
            "force_detach_policies": false,
            "id": "module.user_label.id",
            "max_session_duration": 3600,
            "name": "module.user_label.id",
            "name_prefix": null,
            "path": "/",
            "permissions_boundary": null,
            "tags": {
              "tag-key": "tag-value"
            },
            "unique_id": "AROAZJ4F54TL3IEPXJ53K"
          },
          "private": "bnVsbA=="
        }
      ]
    }
  ]
}
