{
  "version": 4,
  "terraform_version": "0.12.24",
  "serial": 85,
  "lineage": "fa298889-5f8a-eae1-01bc-6099f15911b5",
  "outputs": {
    "domain_arn": {
      "value": "arn:aws:es:us-east-1:639694136535:domain/weldsaws",
      "type": "string"
    },
    "domain_endpoint": {
      "value": "search-weldsaws-3xivrtt6mxb4wt3lyaqswaxq24.us-east-1.es.amazonaws.com",
      "type": "string"
    },
    "domain_id": {
      "value": "639694136535/weldsaws",
      "type": "string"
    },
    "elasticsearch_user_iam_role_arn": {
      "value": "arn:aws:iam::639694136535:role/module.user_label.id",
      "type": "string"
    },
    "elasticsearch_user_iam_role_name": {
      "value": "module.user_label.id",
      "type": "string"
    },
    "instance_public_ip": {
      "value": "35.175.197.136",
      "type": "string"
    }
  },
  "resources": [
    {
      "mode": "data",
      "type": "aws_iam_policy_document",
      "name": "assume_role",
      "provider": "provider.aws",
      "instances": [
        {
          "schema_version": 0,
          "attributes": {
            "id": "4020463049",
            "json": "{\n  \"Version\": \"2012-10-17\",\n  \"Statement\": [\n    {\n      \"Sid\": \"\",\n      \"Effect\": \"Allow\",\n      \"Action\": \"sts:AssumeRole\",\n      \"Principal\": {\n        \"AWS\": \"*\",\n        \"Service\": \"ec2.amazonaws.com\"\n      }\n    }\n  ]\n}",
            "override_json": null,
            "policy_id": null,
            "source_json": null,
            "statement": [
              {
                "actions": [
                  "sts:AssumeRole"
                ],
                "condition": [],
                "effect": "Allow",
                "not_actions": [],
                "not_principals": [],
                "not_resources": [],
                "principals": [
                  {
                    "identifiers": [
                      "*"
                    ],
                    "type": "AWS"
                  },
                  {
                    "identifiers": [
                      "ec2.amazonaws.com"
                    ],
                    "type": "Service"
                  }
                ],
                "resources": [],
                "sid": ""
              }
            ],
            "version": "2012-10-17"
          }
        }
      ]
    },
    {
      "mode": "data",
      "type": "aws_iam_policy_document",
      "name": "default",
      "provider": "provider.aws",
      "instances": [
        {
          "schema_version": 0,
          "attributes": {
            "id": "265075575",
            "json": "{\n  \"Version\": \"2012-10-17\",\n  \"Statement\": [\n    {\n      \"Sid\": \"\",\n      \"Effect\": \"Allow\",\n      \"Action\": \"es:*\",\n      \"Resource\": [\n        \"arn:aws:es:us-east-1:639694136535:domain/weldsaws/*\",\n        \"arn:aws:es:us-east-1:639694136535:domain/weldsaws\"\n      ],\n      \"Principal\": {\n        \"AWS\": \"*\"\n      }\n    }\n  ]\n}",
            "override_json": null,
            "policy_id": null,
            "source_json": null,
            "statement": [
              {
                "actions": [
                  "es:*"
                ],
                "condition": [],
                "effect": "Allow",
                "not_actions": [],
                "not_principals": [],
                "not_resources": [],
                "principals": [
                  {
                    "identifiers": [
                      "*"
                    ],
                    "type": "AWS"
                  }
                ],
                "resources": [
                  "arn:aws:es:us-east-1:639694136535:domain/weldsaws",
                  "arn:aws:es:us-east-1:639694136535:domain/weldsaws/*"
                ],
                "sid": ""
              }
            ],
            "version": "2012-10-17"
          }
        }
      ]
    },
    {
      "mode": "managed",
      "type": "aws_elasticsearch_domain",
      "name": "default",
      "provider": "provider.aws",
      "instances": [
        {
          "schema_version": 0,
          "attributes": {
            "access_policies": null,
            "advanced_options": {
              "rest.action.multi.allow_explicit_index": "true"
            },
            "arn": "arn:aws:es:us-east-1:639694136535:domain/weldsaws",
            "cluster_config": [
              {
                "dedicated_master_count": 0,
                "dedicated_master_enabled": false,
                "dedicated_master_type": "",
                "instance_count": 2,
                "instance_type": "t2.small.elasticsearch",
                "zone_awareness_config": [
                  {
                    "availability_zone_count": 2
                  }
                ],
                "zone_awareness_enabled": true
              }
            ],
            "cognito_options": [
              {
                "enabled": false,
                "identity_pool_id": "",
                "role_arn": "",
                "user_pool_id": ""
              }
            ],
            "domain_endpoint_options": [
              {
                "enforce_https": false,
                "tls_security_policy": "Policy-Min-TLS-1-0-2019-07"
              }
            ],
            "domain_id": "639694136535/weldsaws",
            "domain_name": "weldsaws",
            "ebs_options": [
              {
                "ebs_enabled": true,
                "iops": 0,
                "volume_size": 20,
                "volume_type": "gp2"
              }
            ],
            "elasticsearch_version": "6.5",
            "encrypt_at_rest": [
              {
                "enabled": false,
                "kms_key_id": ""
              }
            ],
            "endpoint": "search-weldsaws-3xivrtt6mxb4wt3lyaqswaxq24.us-east-1.es.amazonaws.com",
            "id": "arn:aws:es:us-east-1:639694136535:domain/weldsaws",
            "kibana_endpoint": "search-weldsaws-3xivrtt6mxb4wt3lyaqswaxq24.us-east-1.es.amazonaws.com/_plugin/kibana/",
            "log_publishing_options": [
              {
                "cloudwatch_log_group_arn": "",
                "enabled": false,
                "log_type": "ES_APPLICATION_LOGS"
              },
              {
                "cloudwatch_log_group_arn": "",
                "enabled": false,
                "log_type": "INDEX_SLOW_LOGS"
              },
              {
                "cloudwatch_log_group_arn": "",
                "enabled": false,
                "log_type": "SEARCH_SLOW_LOGS"
              }
            ],
            "node_to_node_encryption": [
              {
                "enabled": false
              }
            ],
            "snapshot_options": [
              {
                "automated_snapshot_start_hour": 0
              }
            ],
            "tags": {
              "Domain": "TestDomain"
            },
            "timeouts": null,
            "vpc_options": []
          },
          "private": "eyJlMmJmYjczMC1lY2FhLTExZTYtOGY4OC0zNDM2M2JjN2M0YzAiOnsidXBkYXRlIjozNjAwMDAwMDAwMDAwfX0="
        }
      ]
    },
    {
      "mode": "managed",
      "type": "aws_elasticsearch_domain_policy",
      "name": "default",
      "provider": "provider.aws",
      "instances": [
        {
          "schema_version": 0,
          "attributes": {
            "access_policies": "{\"Version\":\"2012-10-17\",\"Statement\":[{\"Sid\":\"\",\"Effect\":\"Allow\",\"Principal\":{\"AWS\":\"*\"},\"Action\":\"es:*\",\"Resource\":[\"arn:aws:es:us-east-1:639694136535:domain/weldsaws/*\",\"arn:aws:es:us-east-1:639694136535:domain/weldsaws\"]}]}",
            "domain_name": "weldsaws",
            "id": "esd-policy-weldsaws"
          },
          "private": "bnVsbA==",
          "dependencies": [
            "aws_elasticsearch_domain.default"
          ]
        }
      ]
    },
    {
      "mode": "managed",
      "type": "aws_iam_role",
      "name": "elasticsearch_user",
      "provider": "provider.aws",
      "instances": [
        {
          "schema_version": 0,
          "attributes": {
            "arn": "arn:aws:iam::639694136535:role/module.user_label.id",
            "assume_role_policy": "{\"Version\":\"2012-10-17\",\"Statement\":[{\"Sid\":\"\",\"Effect\":\"Allow\",\"Principal\":{\"Service\":\"ec2.amazonaws.com\",\"AWS\":\"*\"},\"Action\":\"sts:AssumeRole\"}]}",
            "create_date": "2020-05-16T13:29:32Z",
            "description": "IAM Role to assume to access the Elasticsearch module.label.id cluster",
            "force_detach_policies": false,
            "id": "module.user_label.id",
            "max_session_duration": 3600,
            "name": "module.user_label.id",
            "name_prefix": null,
            "path": "/",
            "permissions_boundary": null,
            "tags": {
              "tag-key": "tag-value"
            },
            "unique_id": "AROAZJ4F54TLWC5JQSFZV"
          },
          "private": "bnVsbA=="
        }
      ]
    },
    {
      "mode": "managed",
      "type": "aws_instance",
      "name": "BangaruEc2",
      "provider": "provider.aws",
      "instances": [
        {
          "schema_version": 1,
          "attributes": {
            "ami": "ami-085925f297f89fce1",
            "arn": "arn:aws:ec2:us-east-1:639694136535:instance/i-04a7b24352d3fe6c1",
            "associate_public_ip_address": true,
            "availability_zone": "us-east-1a",
            "cpu_core_count": 2,
            "cpu_threads_per_core": 1,
            "credit_specification": [
              {
                "cpu_credits": "standard"
              }
            ],
            "disable_api_termination": false,
            "ebs_block_device": [],
            "ebs_optimized": false,
            "ephemeral_block_device": [],
            "get_password_data": false,
            "hibernation": false,
            "host_id": null,
            "iam_instance_profile": "",
            "id": "i-04a7b24352d3fe6c1",
            "instance_initiated_shutdown_behavior": null,
            "instance_state": "running",
            "instance_type": "t2.medium",
            "ipv6_address_count": 0,
            "ipv6_addresses": [],
            "key_name": "elk_key",
            "metadata_options": [
              {
                "http_endpoint": "enabled",
                "http_put_response_hop_limit": 1,
                "http_tokens": "optional"
              }
            ],
            "monitoring": false,
            "network_interface": [],
            "network_interface_id": null,
            "outpost_arn": "",
            "password_data": "",
            "placement_group": "",
            "primary_network_interface_id": "eni-0bf14115451040cbb",
            "private_dns": "ip-10-0-1-40.ec2.internal",
            "private_ip": "10.0.1.40",
            "public_dns": "ec2-35-175-197-136.compute-1.amazonaws.com",
            "public_ip": "35.175.197.136",
            "root_block_device": [
              {
                "delete_on_termination": true,
                "device_name": "/dev/sda1",
                "encrypted": false,
                "iops": 100,
                "kms_key_id": "",
                "volume_id": "vol-0e8255e7653d37f08",
                "volume_size": 8,
                "volume_type": "gp2"
              }
            ],
            "security_groups": [],
            "source_dest_check": true,
            "subnet_id": "subnet-0fb8490543d47486b",
            "tags": {
              "Name": "Bangaru-LogStash_Instance"
            },
            "tenancy": "default",
            "timeouts": null,
            "user_data": null,
            "user_data_base64": null,
            "volume_tags": {},
            "vpc_security_group_ids": [
              "sg-00803d4b4254fef0b"
            ]
          },
          "private": "eyJlMmJmYjczMC1lY2FhLTExZTYtOGY4OC0zNDM2M2JjN2M0YzAiOnsiY3JlYXRlIjo2MDAwMDAwMDAwMDAsImRlbGV0ZSI6MTIwMDAwMDAwMDAwMCwidXBkYXRlIjo2MDAwMDAwMDAwMDB9LCJzY2hlbWFfdmVyc2lvbiI6IjEifQ==",
          "dependencies": [
            "aws_security_group.BangaruSg",
            "aws_subnet.Bangaru-main-public-1",
            "aws_vpc.BangaruVpc"
          ]
        }
      ]
    },
    {
      "mode": "managed",
      "type": "aws_internet_gateway",
      "name": "Bangaru-main-gw",
      "provider": "provider.aws",
      "instances": [
        {
          "schema_version": 0,
          "attributes": {
            "id": "igw-06808b479336a7bbd",
            "owner_id": "639694136535",
            "tags": {
              "Name": "main"
            },
            "vpc_id": "vpc-0f0d846b853ac3810"
          },
          "private": "bnVsbA==",
          "dependencies": [
            "aws_vpc.BangaruVpc"
          ]
        }
      ]
    },
    {
      "mode": "managed",
      "type": "aws_route_table",
      "name": "Bangaru-main-public",
      "provider": "provider.aws",
      "instances": [
        {
          "schema_version": 0,
          "attributes": {
            "id": "rtb-05fcba9ac54741d99",
            "owner_id": "639694136535",
            "propagating_vgws": [],
            "route": [
              {
                "cidr_block": "0.0.0.0/0",
                "egress_only_gateway_id": "",
                "gateway_id": "igw-06808b479336a7bbd",
                "instance_id": "",
                "ipv6_cidr_block": "",
                "nat_gateway_id": "",
                "network_interface_id": "",
                "transit_gateway_id": "",
                "vpc_peering_connection_id": ""
              }
            ],
            "tags": {
              "Name": "main-public-1"
            },
            "vpc_id": "vpc-0f0d846b853ac3810"
          },
          "private": "bnVsbA==",
          "dependencies": [
            "aws_internet_gateway.Bangaru-main-gw",
            "aws_vpc.BangaruVpc"
          ]
        }
      ]
    },
    {
      "mode": "managed",
      "type": "aws_route_table_association",
      "name": "Bangaru-main-public-1-a",
      "provider": "provider.aws",
      "instances": [
        {
          "schema_version": 0,
          "attributes": {
            "gateway_id": null,
            "id": "rtbassoc-03cf31b14942375bb",
            "route_table_id": "rtb-05fcba9ac54741d99",
            "subnet_id": "subnet-0fb8490543d47486b"
          },
          "private": "bnVsbA==",
          "dependencies": [
            "aws_internet_gateway.Bangaru-main-gw",
            "aws_route_table.Bangaru-main-public",
            "aws_subnet.Bangaru-main-public-1",
            "aws_vpc.BangaruVpc"
          ]
        }
      ]
    },
    {
      "mode": "managed",
      "type": "aws_route_table_association",
      "name": "Bangaru-main-public-2-a",
      "provider": "provider.aws",
      "instances": [
        {
          "schema_version": 0,
          "attributes": {
            "gateway_id": null,
            "id": "rtbassoc-0684496246956a718",
            "route_table_id": "rtb-05fcba9ac54741d99",
            "subnet_id": "subnet-0c2bd8d6389991de8"
          },
          "private": "bnVsbA==",
          "dependencies": [
            "aws_internet_gateway.Bangaru-main-gw",
            "aws_route_table.Bangaru-main-public",
            "aws_subnet.Bangaru-main-public-2",
            "aws_vpc.BangaruVpc"
          ]
        }
      ]
    },
    {
      "mode": "managed",
      "type": "aws_route_table_association",
      "name": "Bangaru-main-public-3-a",
      "provider": "provider.aws",
      "instances": [
        {
          "schema_version": 0,
          "attributes": {
            "gateway_id": null,
            "id": "rtbassoc-04f9082ccd58d21c2",
            "route_table_id": "rtb-05fcba9ac54741d99",
            "subnet_id": "subnet-0f932599286b4b3c7"
          },
          "private": "bnVsbA==",
          "dependencies": [
            "aws_internet_gateway.Bangaru-main-gw",
            "aws_route_table.Bangaru-main-public",
            "aws_subnet.Bangaru-main-public-3",
            "aws_vpc.BangaruVpc"
          ]
        }
      ]
    },
    {
      "mode": "managed",
      "type": "aws_security_group",
      "name": "BangaruSg",
      "provider": "provider.aws",
      "instances": [
        {
          "schema_version": 1,
          "attributes": {
            "arn": "arn:aws:ec2:us-east-1:639694136535:security-group/sg-00803d4b4254fef0b",
            "description": "Managed by Terraform",
            "egress": [
              {
                "cidr_blocks": [
                  "0.0.0.0/0"
                ],
                "description": "",
                "from_port": 0,
                "ipv6_cidr_blocks": [],
                "prefix_list_ids": [],
                "protocol": "-1",
                "security_groups": [],
                "self": false,
                "to_port": 0
              }
            ],
            "id": "sg-00803d4b4254fef0b",
            "ingress": [
              {
                "cidr_blocks": [
                  "0.0.0.0/0"
                ],
                "description": "",
                "from_port": 0,
                "ipv6_cidr_blocks": [],
                "prefix_list_ids": [],
                "protocol": "-1",
                "security_groups": [],
                "self": false,
                "to_port": 0
              }
            ],
            "name": "terraform-20200516132937557000000001",
            "name_prefix": null,
            "owner_id": "639694136535",
            "revoke_rules_on_delete": false,
            "tags": {
              "Name": "BangaruSg"
            },
            "timeouts": null,
            "vpc_id": "vpc-0f0d846b853ac3810"
          },
          "private": "eyJlMmJmYjczMC1lY2FhLTExZTYtOGY4OC0zNDM2M2JjN2M0YzAiOnsiY3JlYXRlIjo2MDAwMDAwMDAwMDAsImRlbGV0ZSI6NjAwMDAwMDAwMDAwfSwic2NoZW1hX3ZlcnNpb24iOiIxIn0=",
          "dependencies": [
            "aws_vpc.BangaruVpc"
          ]
        }
      ]
    },
    {
      "mode": "managed",
      "type": "aws_subnet",
      "name": "Bangaru-main-private-1",
      "provider": "provider.aws",
      "instances": [
        {
          "schema_version": 1,
          "attributes": {
            "arn": "arn:aws:ec2:us-east-1:639694136535:subnet/subnet-0b96571dec879314d",
            "assign_ipv6_address_on_creation": false,
            "availability_zone": "us-east-1a",
            "availability_zone_id": "use1-az4",
            "cidr_block": "10.0.4.0/24",
            "id": "subnet-0b96571dec879314d",
            "ipv6_cidr_block": "",
            "ipv6_cidr_block_association_id": "",
            "map_public_ip_on_launch": false,
            "outpost_arn": "",
            "owner_id": "639694136535",
            "tags": {
              "Name": "main-private-1"
            },
            "timeouts": null,
            "vpc_id": "vpc-0f0d846b853ac3810"
          },
          "private": "eyJlMmJmYjczMC1lY2FhLTExZTYtOGY4OC0zNDM2M2JjN2M0YzAiOnsiY3JlYXRlIjo2MDAwMDAwMDAwMDAsImRlbGV0ZSI6MTIwMDAwMDAwMDAwMH0sInNjaGVtYV92ZXJzaW9uIjoiMSJ9",
          "dependencies": [
            "aws_vpc.BangaruVpc"
          ]
        }
      ]
    },
    {
      "mode": "managed",
      "type": "aws_subnet",
      "name": "Bangaru-main-private-2",
      "provider": "provider.aws",
      "instances": [
        {
          "schema_version": 1,
          "attributes": {
            "arn": "arn:aws:ec2:us-east-1:639694136535:subnet/subnet-060588cb877d26b4c",
            "assign_ipv6_address_on_creation": false,
            "availability_zone": "us-east-1b",
            "availability_zone_id": "use1-az6",
            "cidr_block": "10.0.5.0/24",
            "id": "subnet-060588cb877d26b4c",
            "ipv6_cidr_block": "",
            "ipv6_cidr_block_association_id": "",
            "map_public_ip_on_launch": false,
            "outpost_arn": "",
            "owner_id": "639694136535",
            "tags": {
              "Name": "main-private-2"
            },
            "timeouts": null,
            "vpc_id": "vpc-0f0d846b853ac3810"
          },
          "private": "eyJlMmJmYjczMC1lY2FhLTExZTYtOGY4OC0zNDM2M2JjN2M0YzAiOnsiY3JlYXRlIjo2MDAwMDAwMDAwMDAsImRlbGV0ZSI6MTIwMDAwMDAwMDAwMH0sInNjaGVtYV92ZXJzaW9uIjoiMSJ9",
          "dependencies": [
            "aws_vpc.BangaruVpc"
          ]
        }
      ]
    },
    {
      "mode": "managed",
      "type": "aws_subnet",
      "name": "Bangaru-main-private-3",
      "provider": "provider.aws",
      "instances": [
        {
          "schema_version": 1,
          "attributes": {
            "arn": "arn:aws:ec2:us-east-1:639694136535:subnet/subnet-08ef5524c3255af65",
            "assign_ipv6_address_on_creation": false,
            "availability_zone": "us-east-1c",
            "availability_zone_id": "use1-az1",
            "cidr_block": "10.0.6.0/24",
            "id": "subnet-08ef5524c3255af65",
            "ipv6_cidr_block": "",
            "ipv6_cidr_block_association_id": "",
            "map_public_ip_on_launch": false,
            "outpost_arn": "",
            "owner_id": "639694136535",
            "tags": {
              "Name": "main-private-3"
            },
            "timeouts": null,
            "vpc_id": "vpc-0f0d846b853ac3810"
          },
          "private": "eyJlMmJmYjczMC1lY2FhLTExZTYtOGY4OC0zNDM2M2JjN2M0YzAiOnsiY3JlYXRlIjo2MDAwMDAwMDAwMDAsImRlbGV0ZSI6MTIwMDAwMDAwMDAwMH0sInNjaGVtYV92ZXJzaW9uIjoiMSJ9",
          "dependencies": [
            "aws_vpc.BangaruVpc"
          ]
        }
      ]
    },
    {
      "mode": "managed",
      "type": "aws_subnet",
      "name": "Bangaru-main-public-1",
      "provider": "provider.aws",
      "instances": [
        {
          "schema_version": 1,
          "attributes": {
            "arn": "arn:aws:ec2:us-east-1:639694136535:subnet/subnet-0fb8490543d47486b",
            "assign_ipv6_address_on_creation": false,
            "availability_zone": "us-east-1a",
            "availability_zone_id": "use1-az4",
            "cidr_block": "10.0.1.0/24",
            "id": "subnet-0fb8490543d47486b",
            "ipv6_cidr_block": "",
            "ipv6_cidr_block_association_id": "",
            "map_public_ip_on_launch": true,
            "outpost_arn": "",
            "owner_id": "639694136535",
            "tags": {
              "Name": "main-public-1"
            },
            "timeouts": null,
            "vpc_id": "vpc-0f0d846b853ac3810"
          },
          "private": "eyJlMmJmYjczMC1lY2FhLTExZTYtOGY4OC0zNDM2M2JjN2M0YzAiOnsiY3JlYXRlIjo2MDAwMDAwMDAwMDAsImRlbGV0ZSI6MTIwMDAwMDAwMDAwMH0sInNjaGVtYV92ZXJzaW9uIjoiMSJ9",
          "dependencies": [
            "aws_vpc.BangaruVpc"
          ]
        }
      ]
    },
    {
      "mode": "managed",
      "type": "aws_subnet",
      "name": "Bangaru-main-public-2",
      "provider": "provider.aws",
      "instances": [
        {
          "schema_version": 1,
          "attributes": {
            "arn": "arn:aws:ec2:us-east-1:639694136535:subnet/subnet-0c2bd8d6389991de8",
            "assign_ipv6_address_on_creation": false,
            "availability_zone": "us-east-1b",
            "availability_zone_id": "use1-az6",
            "cidr_block": "10.0.2.0/24",
            "id": "subnet-0c2bd8d6389991de8",
            "ipv6_cidr_block": "",
            "ipv6_cidr_block_association_id": "",
            "map_public_ip_on_launch": true,
            "outpost_arn": "",
            "owner_id": "639694136535",
            "tags": {
              "Name": "main-public-2"
            },
            "timeouts": null,
            "vpc_id": "vpc-0f0d846b853ac3810"
          },
          "private": "eyJlMmJmYjczMC1lY2FhLTExZTYtOGY4OC0zNDM2M2JjN2M0YzAiOnsiY3JlYXRlIjo2MDAwMDAwMDAwMDAsImRlbGV0ZSI6MTIwMDAwMDAwMDAwMH0sInNjaGVtYV92ZXJzaW9uIjoiMSJ9",
          "dependencies": [
            "aws_vpc.BangaruVpc"
          ]
        }
      ]
    },
    {
      "mode": "managed",
      "type": "aws_subnet",
      "name": "Bangaru-main-public-3",
      "provider": "provider.aws",
      "instances": [
        {
          "schema_version": 1,
          "attributes": {
            "arn": "arn:aws:ec2:us-east-1:639694136535:subnet/subnet-0f932599286b4b3c7",
            "assign_ipv6_address_on_creation": false,
            "availability_zone": "us-east-1c",
            "availability_zone_id": "use1-az1",
            "cidr_block": "10.0.3.0/24",
            "id": "subnet-0f932599286b4b3c7",
            "ipv6_cidr_block": "",
            "ipv6_cidr_block_association_id": "",
            "map_public_ip_on_launch": true,
            "outpost_arn": "",
            "owner_id": "639694136535",
            "tags": {
              "Name": "main-public-3"
            },
            "timeouts": null,
            "vpc_id": "vpc-0f0d846b853ac3810"
          },
          "private": "eyJlMmJmYjczMC1lY2FhLTExZTYtOGY4OC0zNDM2M2JjN2M0YzAiOnsiY3JlYXRlIjo2MDAwMDAwMDAwMDAsImRlbGV0ZSI6MTIwMDAwMDAwMDAwMH0sInNjaGVtYV92ZXJzaW9uIjoiMSJ9",
          "dependencies": [
            "aws_vpc.BangaruVpc"
          ]
        }
      ]
    },
    {
      "mode": "managed",
      "type": "aws_vpc",
      "name": "BangaruVpc",
      "provider": "provider.aws",
      "instances": [
        {
          "schema_version": 1,
          "attributes": {
            "arn": "arn:aws:ec2:us-east-1:639694136535:vpc/vpc-0f0d846b853ac3810",
            "assign_generated_ipv6_cidr_block": false,
            "cidr_block": "10.0.0.0/16",
            "default_network_acl_id": "acl-0be4bd589ea1980fc",
            "default_route_table_id": "rtb-0c35c8f72135a8df3",
            "default_security_group_id": "sg-08ec2b2678933e8fc",
            "dhcp_options_id": "dopt-6b8a4311",
            "enable_classiclink": false,
            "enable_classiclink_dns_support": false,
            "enable_dns_hostnames": true,
            "enable_dns_support": true,
            "id": "vpc-0f0d846b853ac3810",
            "instance_tenancy": "default",
            "ipv6_association_id": "",
            "ipv6_cidr_block": "",
            "main_route_table_id": "rtb-0c35c8f72135a8df3",
            "owner_id": "639694136535",
            "tags": {
              "Name": "main"
            }
          },
          "private": "eyJzY2hlbWFfdmVyc2lvbiI6IjEifQ=="
        }
      ]
    }
  ]
}
